// !$*UTF8*$!
{
	archiveVersion = 1;
	classes = {
	};
	objectVersion = 48;
	objects = {

/* Begin PBXBuildFile section */
		21248C8C201A69F7006210F9 /* SecureStore.swift in Sources */ = {isa = PBXBuildFile; fileRef = 21248C8B201A69F7006210F9 /* SecureStore.swift */; };
		21248C8E201A84C1006210F9 /* SecureCredential.swift in Sources */ = {isa = PBXBuildFile; fileRef = 21248C8D201A84C1006210F9 /* SecureCredential.swift */; };
		21901C832025B278008D965E /* WebCommsMgr.swift in Sources */ = {isa = PBXBuildFile; fileRef = 21901C822025B278008D965E /* WebCommsMgr.swift */; };
		21E3586D2027158E00192274 /* JsonRespondable.swift in Sources */ = {isa = PBXBuildFile; fileRef = 21E3586C2027158E00192274 /* JsonRespondable.swift */; };
		21E3586F2027225000192274 /* LoggedInUser.swift in Sources */ = {isa = PBXBuildFile; fileRef = 21E3586E2027225000192274 /* LoggedInUser.swift */; };
		BE895DC82019351E0071D35E /* AppDelegate.swift in Sources */ = {isa = PBXBuildFile; fileRef = BE895DC72019351E0071D35E /* AppDelegate.swift */; };
		BE895DCA2019351E0071D35E /* ViewController.swift in Sources */ = {isa = PBXBuildFile; fileRef = BE895DC92019351E0071D35E /* ViewController.swift */; };
		BE895DCC2019351E0071D35E /* Assets.xcassets in Resources */ = {isa = PBXBuildFile; fileRef = BE895DCB2019351E0071D35E /* Assets.xcassets */; };
		BE895DCF2019351E0071D35E /* Main.storyboard in Resources */ = {isa = PBXBuildFile; fileRef = BE895DCD2019351E0071D35E /* Main.storyboard */; };
		BE895DDB2019351E0071D35E /* MacAppCentreTests.swift in Sources */ = {isa = PBXBuildFile; fileRef = BE895DDA2019351E0071D35E /* MacAppCentreTests.swift */; };
		BE895DE62019351E0071D35E /* MacAppCentreUITests.swift in Sources */ = {isa = PBXBuildFile; fileRef = BE895DE52019351E0071D35E /* MacAppCentreUITests.swift */; };
		BE895DF4201938E50071D35E /* SettingsViewController.swift in Sources */ = {isa = PBXBuildFile; fileRef = BE895DF3201938E50071D35E /* SettingsViewController.swift */; };
/* End PBXBuildFile section */

/* Begin PBXContainerItemProxy section */
		BE895DD72019351E0071D35E /* PBXContainerItemProxy */ = {
			isa = PBXContainerItemProxy;
			containerPortal = BE895DBC2019351E0071D35E /* Project object */;
			proxyType = 1;
			remoteGlobalIDString = BE895DC32019351E0071D35E;
			remoteInfo = MacAppCentre;
		};
		BE895DE22019351E0071D35E /* PBXContainerItemProxy */ = {
			isa = PBXContainerItemProxy;
			containerPortal = BE895DBC2019351E0071D35E /* Project object */;
			proxyType = 1;
			remoteGlobalIDString = BE895DC32019351E0071D35E;
			remoteInfo = MacAppCentre;
		};
/* End PBXContainerItemProxy section */

/* Begin PBXFileReference section */
		21248C8B201A69F7006210F9 /* SecureStore.swift */ = {isa = PBXFileReference; lastKnownFileType = sourcecode.swift; path = SecureStore.swift; sourceTree = "<group>"; };
		21248C8D201A84C1006210F9 /* SecureCredential.swift */ = {isa = PBXFileReference; lastKnownFileType = sourcecode.swift; path = SecureCredential.swift; sourceTree = "<group>"; };
		21901C822025B278008D965E /* WebCommsMgr.swift */ = {isa = PBXFileReference; lastKnownFileType = sourcecode.swift; path = WebCommsMgr.swift; sourceTree = "<group>"; };
		21E3586C2027158E00192274 /* JsonRespondable.swift */ = {isa = PBXFileReference; lastKnownFileType = sourcecode.swift; path = JsonRespondable.swift; sourceTree = "<group>"; };
		21E3586E2027225000192274 /* LoggedInUser.swift */ = {isa = PBXFileReference; lastKnownFileType = sourcecode.swift; path = LoggedInUser.swift; sourceTree = "<group>"; };
		BE895DC42019351E0071D35E /* MacAppCentre.app */ = {isa = PBXFileReference; explicitFileType = wrapper.application; includeInIndex = 0; path = MacAppCentre.app; sourceTree = BUILT_PRODUCTS_DIR; };
		BE895DC72019351E0071D35E /* AppDelegate.swift */ = {isa = PBXFileReference; lastKnownFileType = sourcecode.swift; path = AppDelegate.swift; sourceTree = "<group>"; };
		BE895DC92019351E0071D35E /* ViewController.swift */ = {isa = PBXFileReference; lastKnownFileType = sourcecode.swift; path = ViewController.swift; sourceTree = "<group>"; };
		BE895DCB2019351E0071D35E /* Assets.xcassets */ = {isa = PBXFileReference; lastKnownFileType = folder.assetcatalog; path = Assets.xcassets; sourceTree = "<group>"; };
		BE895DCE2019351E0071D35E /* Base */ = {isa = PBXFileReference; lastKnownFileType = file.storyboard; name = Base; path = Base.lproj/Main.storyboard; sourceTree = "<group>"; };
		BE895DD02019351E0071D35E /* Info.plist */ = {isa = PBXFileReference; lastKnownFileType = text.plist.xml; path = Info.plist; sourceTree = "<group>"; };
		BE895DD12019351E0071D35E /* MacAppCentre.entitlements */ = {isa = PBXFileReference; lastKnownFileType = text.plist.entitlements; path = MacAppCentre.entitlements; sourceTree = "<group>"; };
		BE895DD62019351E0071D35E /* MacAppCentreTests.xctest */ = {isa = PBXFileReference; explicitFileType = wrapper.cfbundle; includeInIndex = 0; path = MacAppCentreTests.xctest; sourceTree = BUILT_PRODUCTS_DIR; };
		BE895DDA2019351E0071D35E /* MacAppCentreTests.swift */ = {isa = PBXFileReference; lastKnownFileType = sourcecode.swift; path = MacAppCentreTests.swift; sourceTree = "<group>"; };
		BE895DDC2019351E0071D35E /* Info.plist */ = {isa = PBXFileReference; lastKnownFileType = text.plist.xml; path = Info.plist; sourceTree = "<group>"; };
		BE895DE12019351E0071D35E /* MacAppCentreUITests.xctest */ = {isa = PBXFileReference; explicitFileType = wrapper.cfbundle; includeInIndex = 0; path = MacAppCentreUITests.xctest; sourceTree = BUILT_PRODUCTS_DIR; };
		BE895DE52019351E0071D35E /* MacAppCentreUITests.swift */ = {isa = PBXFileReference; lastKnownFileType = sourcecode.swift; path = MacAppCentreUITests.swift; sourceTree = "<group>"; };
		BE895DE72019351E0071D35E /* Info.plist */ = {isa = PBXFileReference; lastKnownFileType = text.plist.xml; path = Info.plist; sourceTree = "<group>"; };
		BE895DF3201938E50071D35E /* SettingsViewController.swift */ = {isa = PBXFileReference; lastKnownFileType = sourcecode.swift; path = SettingsViewController.swift; sourceTree = "<group>"; };
/* End PBXFileReference section */

/* Begin PBXFrameworksBuildPhase section */
		BE895DC12019351E0071D35E /* Frameworks */ = {
			isa = PBXFrameworksBuildPhase;
			buildActionMask = 2147483647;
			files = (
			);
			runOnlyForDeploymentPostprocessing = 0;
		};
		BE895DD32019351E0071D35E /* Frameworks */ = {
			isa = PBXFrameworksBuildPhase;
			buildActionMask = 2147483647;
			files = (
			);
			runOnlyForDeploymentPostprocessing = 0;
		};
		BE895DDE2019351E0071D35E /* Frameworks */ = {
			isa = PBXFrameworksBuildPhase;
			buildActionMask = 2147483647;
			files = (
			);
			runOnlyForDeploymentPostprocessing = 0;
		};
/* End PBXFrameworksBuildPhase section */

/* Begin PBXGroup section */
		BE895DBB2019351E0071D35E = {
			isa = PBXGroup;
			children = (
				BE895DC62019351E0071D35E /* MacAppCentre */,
				BE895DD92019351E0071D35E /* MacAppCentreTests */,
				BE895DE42019351E0071D35E /* MacAppCentreUITests */,
				BE895DC52019351E0071D35E /* Products */,
			);
			sourceTree = "<group>";
		};
		BE895DC52019351E0071D35E /* Products */ = {
			isa = PBXGroup;
			children = (
				BE895DC42019351E0071D35E /* MacAppCentre.app */,
				BE895DD62019351E0071D35E /* MacAppCentreTests.xctest */,
				BE895DE12019351E0071D35E /* MacAppCentreUITests.xctest */,
			);
			name = Products;
			sourceTree = "<group>";
		};
		BE895DC62019351E0071D35E /* MacAppCentre */ = {
			isa = PBXGroup;
			children = (
				BE895DC72019351E0071D35E /* AppDelegate.swift */,
				BE895DC92019351E0071D35E /* ViewController.swift */,
				BE895DCB2019351E0071D35E /* Assets.xcassets */,
				BE895DCD2019351E0071D35E /* Main.storyboard */,
				BE895DD02019351E0071D35E /* Info.plist */,
				BE895DD12019351E0071D35E /* MacAppCentre.entitlements */,
				BE895DF3201938E50071D35E /* SettingsViewController.swift */,
				21248C8B201A69F7006210F9 /* SecureStore.swift */,
				21248C8D201A84C1006210F9 /* SecureCredential.swift */,
				21901C822025B278008D965E /* WebCommsMgr.swift */,
				21E3586C2027158E00192274 /* JsonRespondable.swift */,
				21E3586E2027225000192274 /* LoggedInUser.swift */,
			);
			path = MacAppCentre;
			sourceTree = "<group>";
		};
		BE895DD92019351E0071D35E /* MacAppCentreTests */ = {
			isa = PBXGroup;
			children = (
				BE895DDA2019351E0071D35E /* MacAppCentreTests.swift */,
				BE895DDC2019351E0071D35E /* Info.plist */,
			);
			path = MacAppCentreTests;
			sourceTree = "<group>";
		};
		BE895DE42019351E0071D35E /* MacAppCentreUITests */ = {
			isa = PBXGroup;
			children = (
				BE895DE52019351E0071D35E /* MacAppCentreUITests.swift */,
				BE895DE72019351E0071D35E /* Info.plist */,
			);
			path = MacAppCentreUITests;
			sourceTree = "<group>";
		};
/* End PBXGroup section */

/* Begin PBXNativeTarget section */
		BE895DC32019351E0071D35E /* MacAppCentre */ = {
			isa = PBXNativeTarget;
			buildConfigurationList = BE895DEA2019351E0071D35E /* Build configuration list for PBXNativeTarget "MacAppCentre" */;
			buildPhases = (
				BE895DC02019351E0071D35E /* Sources */,
				BE895DC12019351E0071D35E /* Frameworks */,
				BE895DC22019351E0071D35E /* Resources */,
			);
			buildRules = (
			);
			dependencies = (
			);
			name = MacAppCentre;
			productName = MacAppCentre;
			productReference = BE895DC42019351E0071D35E /* MacAppCentre.app */;
			productType = "com.apple.product-type.application";
		};
		BE895DD52019351E0071D35E /* MacAppCentreTests */ = {
			isa = PBXNativeTarget;
			buildConfigurationList = BE895DED2019351E0071D35E /* Build configuration list for PBXNativeTarget "MacAppCentreTests" */;
			buildPhases = (
				BE895DD22019351E0071D35E /* Sources */,
				BE895DD32019351E0071D35E /* Frameworks */,
				BE895DD42019351E0071D35E /* Resources */,
			);
			buildRules = (
			);
			dependencies = (
				BE895DD82019351E0071D35E /* PBXTargetDependency */,
			);
			name = MacAppCentreTests;
			productName = MacAppCentreTests;
			productReference = BE895DD62019351E0071D35E /* MacAppCentreTests.xctest */;
			productType = "com.apple.product-type.bundle.unit-test";
		};
		BE895DE02019351E0071D35E /* MacAppCentreUITests */ = {
			isa = PBXNativeTarget;
			buildConfigurationList = BE895DF02019351E0071D35E /* Build configuration list for PBXNativeTarget "MacAppCentreUITests" */;
			buildPhases = (
				BE895DDD2019351E0071D35E /* Sources */,
				BE895DDE2019351E0071D35E /* Frameworks */,
				BE895DDF2019351E0071D35E /* Resources */,
			);
			buildRules = (
			);
			dependencies = (
				BE895DE32019351E0071D35E /* PBXTargetDependency */,
			);
			name = MacAppCentreUITests;
			productName = MacAppCentreUITests;
			productReference = BE895DE12019351E0071D35E /* MacAppCentreUITests.xctest */;
			productType = "com.apple.product-type.bundle.ui-testing";
		};
/* End PBXNativeTarget section */

/* Begin PBXProject section */
		BE895DBC2019351E0071D35E /* Project object */ = {
			isa = PBXProject;
			attributes = {
				LastSwiftUpdateCheck = 0920;
				LastUpgradeCheck = 0920;
				ORGANIZATIONNAME = "Mark Hoggatt";
				TargetAttributes = {
					BE895DC32019351E0071D35E = {
						CreatedOnToolsVersion = 9.2;
						ProvisioningStyle = Automatic;
					};
					BE895DD52019351E0071D35E = {
						CreatedOnToolsVersion = 9.2;
						ProvisioningStyle = Automatic;
						TestTargetID = BE895DC32019351E0071D35E;
					};
					BE895DE02019351E0071D35E = {
						CreatedOnToolsVersion = 9.2;
						ProvisioningStyle = Automatic;
						TestTargetID = BE895DC32019351E0071D35E;
					};
				};
			};
			buildConfigurationList = BE895DBF2019351E0071D35E /* Build configuration list for PBXProject "MacAppCentre" */;
			compatibilityVersion = "Xcode 8.0";
			developmentRegion = en;
			hasScannedForEncodings = 0;
			knownRegions = (
				en,
				Base,
			);
			mainGroup = BE895DBB2019351E0071D35E;
			productRefGroup = BE895DC52019351E0071D35E /* Products */;
			projectDirPath = "";
			projectRoot = "";
			targets = (
				BE895DC32019351E0071D35E /* MacAppCentre */,
				BE895DD52019351E0071D35E /* MacAppCentreTests */,
				BE895DE02019351E0071D35E /* MacAppCentreUITests */,
			);
		};
/* End PBXProject section */

/* Begin PBXResourcesBuildPhase section */
		BE895DC22019351E0071D35E /* Resources */ = {
			isa = PBXResourcesBuildPhase;
			buildActionMask = 2147483647;
			files = (
				BE895DCC2019351E0071D35E /* Assets.xcassets in Resources */,
				BE895DCF2019351E0071D35E /* Main.storyboard in Resources */,
			);
			runOnlyForDeploymentPostprocessing = 0;
		};
		BE895DD42019351E0071D35E /* Resources */ = {
			isa = PBXResourcesBuildPhase;
			buildActionMask = 2147483647;
			files = (
			);
			runOnlyForDeploymentPostprocessing = 0;
		};
		BE895DDF2019351E0071D35E /* Resources */ = {
			isa = PBXResourcesBuildPhase;
			buildActionMask = 2147483647;
			files = (
			);
			runOnlyForDeploymentPostprocessing = 0;
		};
/* End PBXResourcesBuildPhase section */

/* Begin PBXSourcesBuildPhase section */
		BE895DC02019351E0071D35E /* Sources */ = {
			isa = PBXSourcesBuildPhase;
			buildActionMask = 2147483647;
			files = (
				21E3586D2027158E00192274 /* JsonRespondable.swift in Sources */,
				21248C8E201A84C1006210F9 /* SecureCredential.swift in Sources */,
				21248C8C201A69F7006210F9 /* SecureStore.swift in Sources */,
				BE895DCA2019351E0071D35E /* ViewController.swift in Sources */,
				21901C832025B278008D965E /* WebCommsMgr.swift in Sources */,
				21E3586F2027225000192274 /* LoggedInUser.swift in Sources */,
				BE895DC82019351E0071D35E /* AppDelegate.swift in Sources */,
				BE895DF4201938E50071D35E /* SettingsViewController.swift in Sources */,
			);
			runOnlyForDeploymentPostprocessing = 0;
		};
		BE895DD22019351E0071D35E /* Sources */ = {
			isa = PBXSourcesBuildPhase;
			buildActionMask = 2147483647;
			files = (
				BE895DDB2019351E0071D35E /* MacAppCentreTests.swift in Sources */,
			);
			runOnlyForDeploymentPostprocessing = 0;
		};
		BE895DDD2019351E0071D35E /* Sources */ = {
			isa = PBXSourcesBuildPhase;
			buildActionMask = 2147483647;
			files = (
				BE895DE62019351E0071D35E /* MacAppCentreUITests.swift in Sources */,
			);
			runOnlyForDeploymentPostprocessing = 0;
		};
/* End PBXSourcesBuildPhase section */

/* Begin PBXTargetDependency section */
		BE895DD82019351E0071D35E /* PBXTargetDependency */ = {
			isa = PBXTargetDependency;
			target = BE895DC32019351E0071D35E /* MacAppCentre */;
			targetProxy = BE895DD72019351E0071D35E /* PBXContainerItemProxy */;
		};
		BE895DE32019351E0071D35E /* PBXTargetDependency */ = {
			isa = PBXTargetDependency;
			target = BE895DC32019351E0071D35E /* MacAppCentre */;
			targetProxy = BE895DE22019351E0071D35E /* PBXContainerItemProxy */;
		};
/* End PBXTargetDependency section */

/* Begin PBXVariantGroup section */
		BE895DCD2019351E0071D35E /* Main.storyboard */ = {
			isa = PBXVariantGroup;
			children = (
				BE895DCE2019351E0071D35E /* Base */,
			);
			name = Main.storyboard;
			sourceTree = "<group>";
		};
/* End PBXVariantGroup section */

/* Begin XCBuildConfiguration section */
		BE895DE82019351E0071D35E /* Debug */ = {
			isa = XCBuildConfiguration;
			buildSettings = {
				ALWAYS_SEARCH_USER_PATHS = NO;
				CLANG_ANALYZER_NONNULL = YES;
				CLANG_ANALYZER_NUMBER_OBJECT_CONVERSION = YES_AGGRESSIVE;
				CLANG_CXX_LANGUAGE_STANDARD = "gnu++14";
				CLANG_CXX_LIBRARY = "libc++";
				CLANG_ENABLE_MODULES = YES;
				CLANG_ENABLE_OBJC_ARC = YES;
				CLANG_WARN_BLOCK_CAPTURE_AUTORELEASING = YES;
				CLANG_WARN_BOOL_CONVERSION = YES;
				CLANG_WARN_COMMA = YES;
				CLANG_WARN_CONSTANT_CONVERSION = YES;
				CLANG_WARN_DIRECT_OBJC_ISA_USAGE = YES_ERROR;
				CLANG_WARN_DOCUMENTATION_COMMENTS = YES;
				CLANG_WARN_EMPTY_BODY = YES;
				CLANG_WARN_ENUM_CONVERSION = YES;
				CLANG_WARN_INFINITE_RECURSION = YES;
				CLANG_WARN_INT_CONVERSION = YES;
				CLANG_WARN_NON_LITERAL_NULL_CONVERSION = YES;
				CLANG_WARN_OBJC_LITERAL_CONVERSION = YES;
				CLANG_WARN_OBJC_ROOT_CLASS = YES_ERROR;
				CLANG_WARN_RANGE_LOOP_ANALYSIS = YES;
				CLANG_WARN_STRICT_PROTOTYPES = YES;
				CLANG_WARN_SUSPICIOUS_MOVE = YES;
				CLANG_WARN_UNGUARDED_AVAILABILITY = YES_AGGRESSIVE;
				CLANG_WARN_UNREACHABLE_CODE = YES;
				CLANG_WARN__DUPLICATE_METHOD_MATCH = YES;
				CODE_SIGN_IDENTITY = "Mac Developer";
				COPY_PHASE_STRIP = NO;
				DEBUG_INFORMATION_FORMAT = dwarf;
				ENABLE_STRICT_OBJC_MSGSEND = YES;
				ENABLE_TESTABILITY = YES;
				GCC_C_LANGUAGE_STANDARD = gnu11;
				GCC_DYNAMIC_NO_PIC = NO;
				GCC_NO_COMMON_BLOCKS = YES;
				GCC_OPTIMIZATION_LEVEL = 0;
				GCC_PREPROCESSOR_DEFINITIONS = (
					"DEBUG=1",
					"$(inherited)",
				);
				GCC_WARN_64_TO_32_BIT_CONVERSION = YES;
				GCC_WARN_ABOUT_RETURN_TYPE = YES_ERROR;
				GCC_WARN_UNDECLARED_SELECTOR = YES;
				GCC_WARN_UNINITIALIZED_AUTOS = YES_AGGRESSIVE;
				GCC_WARN_UNUSED_FUNCTION = YES;
				GCC_WARN_UNUSED_VARIABLE = YES;
				MACOSX_DEPLOYMENT_TARGET = 10.13;
				MTL_ENABLE_DEBUG_INFO = YES;
				ONLY_ACTIVE_ARCH = YES;
				SDKROOT = macosx;
				SWIFT_ACTIVE_COMPILATION_CONDITIONS = DEBUG;
				SWIFT_OPTIMIZATION_LEVEL = "-Onone";
			};
			name = Debug;
		};
		BE895DE92019351E0071D35E /* Release */ = {
			isa = XCBuildConfiguration;
			buildSettings = {
				ALWAYS_SEARCH_USER_PATHS = NO;
				CLANG_ANALYZER_NONNULL = YES;
				CLANG_ANALYZER_NUMBER_OBJECT_CONVERSION = YES_AGGRESSIVE;
				CLANG_CXX_LANGUAGE_STANDARD = "gnu++14";
				CLANG_CXX_LIBRARY = "libc++";
				CLANG_ENABLE_MODULES = YES;
				CLANG_ENABLE_OBJC_ARC = YES;
				CLANG_WARN_BLOCK_CAPTURE_AUTORELEASING = YES;
				CLANG_WARN_BOOL_CONVERSION = YES;
				CLANG_WARN_COMMA = YES;
				CLANG_WARN_CONSTANT_CONVERSION = YES;
				CLANG_WARN_DIRECT_OBJC_ISA_USAGE = YES_ERROR;
				CLANG_WARN_DOCUMENTATION_COMMENTS = YES;
				CLANG_WARN_EMPTY_BODY = YES;
				CLANG_WARN_ENUM_CONVERSION = YES;
				CLANG_WARN_INFINITE_RECURSION = YES;
				CLANG_WARN_INT_CONVERSION = YES;
				CLANG_WARN_NON_LITERAL_NULL_CONVERSION = YES;
				CLANG_WARN_OBJC_LITERAL_CONVERSION = YES;
				CLANG_WARN_OBJC_ROOT_CLASS = YES_ERROR;
				CLANG_WARN_RANGE_LOOP_ANALYSIS = YES;
				CLANG_WARN_STRICT_PROTOTYPES = YES;
				CLANG_WARN_SUSPICIOUS_MOVE = YES;
				CLANG_WARN_UNGUARDED_AVAILABILITY = YES_AGGRESSIVE;
				CLANG_WARN_UNREACHABLE_CODE = YES;
				CLANG_WARN__DUPLICATE_METHOD_MATCH = YES;
				CODE_SIGN_IDENTITY = "Mac Developer";
				COPY_PHASE_STRIP = NO;
				DEBUG_INFORMATION_FORMAT = "dwarf-with-dsym";
				ENABLE_NS_ASSERTIONS = NO;
				ENABLE_STRICT_OBJC_MSGSEND = YES;
				GCC_C_LANGUAGE_STANDARD = gnu11;
				GCC_NO_COMMON_BLOCKS = YES;
				GCC_WARN_64_TO_32_BIT_CONVERSION = YES;
				GCC_WARN_ABOUT_RETURN_TYPE = YES_ERROR;
				GCC_WARN_UNDECLARED_SELECTOR = YES;
				GCC_WARN_UNINITIALIZED_AUTOS = YES_AGGRESSIVE;
				GCC_WARN_UNUSED_FUNCTION = YES;
				GCC_WARN_UNUSED_VARIABLE = YES;
				MACOSX_DEPLOYMENT_TARGET = 10.13;
				MTL_ENABLE_DEBUG_INFO = NO;
				SDKROOT = macosx;
				SWIFT_OPTIMIZATION_LEVEL = "-Owholemodule";
			};
			name = Release;
		};
		BE895DEB2019351E0071D35E /* Debug */ = {
			isa = XCBuildConfiguration;
			buildSettings = {
				ASSETCATALOG_COMPILER_APPICON_NAME = AppIcon;
				CODE_SIGN_ENTITLEMENTS = MacAppCentre/MacAppCentre.entitlements;
				CODE_SIGN_STYLE = Automatic;
				COMBINE_HIDPI_IMAGES = YES;
				DEVELOPMENT_TEAM = L5R8Q83NF3;
				INFOPLIST_FILE = MacAppCentre/Info.plist;
				LD_RUNPATH_SEARCH_PATHS = "$(inherited) @executable_path/../Frameworks";
				PRODUCT_BUNDLE_IDENTIFIER = eu.hoggatt.MacAppCentre;
				PRODUCT_NAME = "$(TARGET_NAME)";
				SWIFT_VERSION = 4.0;
			};
			name = Debug;
		};
		BE895DEC2019351E0071D35E /* Release */ = {
			isa = XCBuildConfiguration;
			buildSettings = {
				ASSETCATALOG_COMPILER_APPICON_NAME = AppIcon;
				CODE_SIGN_ENTITLEMENTS = MacAppCentre/MacAppCentre.entitlements;
				CODE_SIGN_STYLE = Automatic;
				COMBINE_HIDPI_IMAGES = YES;
				DEVELOPMENT_TEAM = L5R8Q83NF3;
				INFOPLIST_FILE = MacAppCentre/Info.plist;
				LD_RUNPATH_SEARCH_PATHS = "$(inherited) @executable_path/../Frameworks";
				PRODUCT_BUNDLE_IDENTIFIER = eu.hoggatt.MacAppCentre;
				PRODUCT_NAME = "$(TARGET_NAME)";
				SWIFT_VERSION = 4.0;
			};
			name = Release;
		};
		BE895DEE2019351E0071D35E /* Debug */ = {
			isa = XCBuildConfiguration;
			buildSettings = {
				ALWAYS_EMBED_SWIFT_STANDARD_LIBRARIES = YES;
				BUNDLE_LOADER = "$(TEST_HOST)";
				CODE_SIGN_STYLE = Automatic;
				COMBINE_HIDPI_IMAGES = YES;
				DEVELOPMENT_TEAM = L5R8Q83NF3;
				INFOPLIST_FILE = MacAppCentreTests/Info.plist;
				LD_RUNPATH_SEARCH_PATHS = "$(inherited) @executable_path/../Frameworks @loader_path/../Frameworks";
				PRODUCT_BUNDLE_IDENTIFIER = eu.hoggatt.MacAppCentreTests;
				PRODUCT_NAME = "$(TARGET_NAME)";
				SWIFT_VERSION = 4.0;
				TEST_HOST = "$(BUILT_PRODUCTS_DIR)/MacAppCentre.app/Contents/MacOS/MacAppCentre";
			};
			name = Debug;
		};
		BE895DEF2019351E0071D35E /* Release */ = {
			isa = XCBuildConfiguration;
			buildSettings = {
				ALWAYS_EMBED_SWIFT_STANDARD_LIBRARIES = YES;
				BUNDLE_LOADER = "$(TEST_HOST)";
				CODE_SIGN_STYLE = Automatic;
				COMBINE_HIDPI_IMAGES = YES;
				DEVELOPMENT_TEAM = L5R8Q83NF3;
				INFOPLIST_FILE = MacAppCentreTests/Info.plist;
				LD_RUNPATH_SEARCH_PATHS = "$(inherited) @executable_path/../Frameworks @loader_path/../Frameworks";
				PRODUCT_BUNDLE_IDENTIFIER = eu.hoggatt.MacAppCentreTests;
				PRODUCT_NAME = "$(TARGET_NAME)";
				SWIFT_VERSION = 4.0;
				TEST_HOST = "$(BUILT_PRODUCTS_DIR)/MacAppCentre.app/Contents/MacOS/MacAppCentre";
			};
			name = Release;
		};
		BE895DF12019351E0071D35E /* Debug */ = {
			isa = XCBuildConfiguration;
			buildSettings = {
				ALWAYS_EMBED_SWIFT_STANDARD_LIBRARIES = YES;
				CODE_SIGN_STYLE = Automatic;
				COMBINE_HIDPI_IMAGES = YES;
				DEVELOPMENT_TEAM = L5R8Q83NF3;
				INFOPLIST_FILE = MacAppCentreUITests/Info.plist;
				LD_RUNPATH_SEARCH_PATHS = "$(inherited) @executable_path/../Frameworks @loader_path/../Frameworks";
				PRODUCT_BUNDLE_IDENTIFIER = eu.hoggatt.MacAppCentreUITests;
				PRODUCT_NAME = "$(TARGET_NAME)";
				SWIFT_VERSION = 4.0;
				TEST_TARGET_NAME = MacAppCentre;
			};
			name = Debug;
		};
		BE895DF22019351E0071D35E /* Release */ = {
			isa = XCBuildConfiguration;
			buildSettings = {
				ALWAYS_EMBED_SWIFT_STANDARD_LIBRARIES = YES;
				CODE_SIGN_STYLE = Automatic;
				COMBINE_HIDPI_IMAGES = YES;
				DEVELOPMENT_TEAM = L5R8Q83NF3;
				INFOPLIST_FILE = MacAppCentreUITests/Info.plist;
				LD_RUNPATH_SEARCH_PATHS = "$(inherited) @executable_path/../Frameworks @loader_path/../Frameworks";
				PRODUCT_BUNDLE_IDENTIFIER = eu.hoggatt.MacAppCentreUITests;
				PRODUCT_NAME = "$(TARGET_NAME)";
				SWIFT_VERSION = 4.0;
				TEST_TARGET_NAME = MacAppCentre;
			};
			name = Release;
		};
/* End XCBuildConfiguration section */

/* Begin XCConfigurationList section */
		BE895DBF2019351E0071D35E /* Build configuration list for PBXProject "MacAppCentre" */ = {
			isa = XCConfigurationList;
			buildConfigurations = (
				BE895DE82019351E0071D35E /* Debug */,
				BE895DE92019351E0071D35E /* Release */,
			);
			defaultConfigurationIsVisible = 0;
			defaultConfigurationName = Release;
		};
		BE895DEA2019351E0071D35E /* Build configuration list for PBXNativeTarget "MacAppCentre" */ = {
			isa = XCConfigurationList;
			buildConfigurations = (
				BE895DEB2019351E0071D35E /* Debug */,
				BE895DEC2019351E0071D35E /* Release */,
			);
			defaultConfigurationIsVisible = 0;
			defaultConfigurationName = Release;
		};
		BE895DED2019351E0071D35E /* Build configuration list for PBXNativeTarget "MacAppCentreTests" */ = {
			isa = XCConfigurationList;
			buildConfigurations = (
				BE895DEE2019351E0071D35E /* Debug */,
				BE895DEF2019351E0071D35E /* Release */,
			);
			defaultConfigurationIsVisible = 0;
			defaultConfigurationName = Release;
		};
		BE895DF02019351E0071D35E /* Build configuration list for PBXNativeTarget "MacAppCentreUITests" */ = {
			isa = XCConfigurationList;
			buildConfigurations = (
				BE895DF12019351E0071D35E /* Debug */,
				BE895DF22019351E0071D35E /* Release */,
			);
			defaultConfigurationIsVisible = 0;
			defaultConfigurationName = Release;
		};
/* End XCConfigurationList section */
	};
	rootObject = BE895DBC2019351E0071D35E /* Project object */;
}
